<?xml version="1.0" encoding="utf-8"?>
<Project ToolsVersion="4.0" xmlns="http://schemas.microsoft.com/developer/msbuild/2003">
  <ItemGroup>
    <Filter Include="Source Files">
      <UniqueIdentifier>{4FC737F1-C7A5-4376-A066-2A32D752A2FF}</UniqueIdentifier>
      <Extensions>cpp;c;cc;cxx;c++;cppm;ixx;def;odl;idl;hpj;bat;asm;asmx</Extensions>
    </Filter>
    <Filter Include="Source Files\Main">
      <UniqueIdentifier>{d1695dfc-8801-4a27-8884-6f1e0ab38866}</UniqueIdentifier>
    </Filter>
    <Filter Include="Source Files\Proc">
      <UniqueIdentifier>{a38144e3-9f4d-4cf7-aefe-5f8b40f76030}</UniqueIdentifier>
    </Filter>
    <Filter Include="Source Files\Config">
      <UniqueIdentifier>{64b00ae1-b6b5-48a1-b463-31b4708d64c3}</UniqueIdentifier>
    </Filter>
    <Filter Include="Source Files\FileSys">
      <UniqueIdentifier>{fc395b5a-5104-4687-850d-89072d700d73}</UniqueIdentifier>
    </Filter>
    <Filter Include="Source Files\Output">
      <UniqueIdentifier>{470b027c-8e13-4744-855f-5daca3bb6ab0}</UniqueIdentifier>
    </Filter>
    <Filter Include="Source Files\Precompiled">
      <UniqueIdentifier>{1473f8c3-5848-4014-a000-b88a672580a4}</UniqueIdentifier>
    </Filter>
    <Filter Include="Source Files\Binding">
      <UniqueIdentifier>{f766b965-8c03-4b20-965f-1783ac45a4f3}</UniqueIdentifier>
    </Filter>
    <Filter Include="Source Files\Inner">
      <UniqueIdentifier>{ec78af42-b5bc-40d8-9ad7-4999da597218}</UniqueIdentifier>
    </Filter>
  </ItemGroup>
  <ItemGroup>
    <ClCompile Include="main.cpp">
      <Filter>Source Files\Main</Filter>
    </ClCompile>
    <ClCompile Include="proc.cpp">
      <Filter>Source Files\Proc</Filter>
    </ClCompile>
    <ClCompile Include="fs.cpp">
      <Filter>Source Files\FileSys</Filter>
    </ClCompile>
    <ClCompile Include="output.cpp">
      <Filter>Source Files\Output</Filter>
    </ClCompile>
    <ClCompile Include="binding.cpp">
      <Filter>Source Files\Binding</Filter>
    </ClCompile>
    <ClCompile Include="iter.cpp">
      <Filter>Source Files\Inner</Filter>
    </ClCompile>
  </ItemGroup>
  <ItemGroup>
    <ClInclude Include="proc.hpp">
      <Filter>Source Files\Proc</Filter>
    </ClInclude>
    <ClInclude Include="config.hpp">
      <Filter>Source Files\Config</Filter>
    </ClInclude>
    <ClInclude Include="fs.hpp">
      <Filter>Source Files\FileSys</Filter>
    </ClInclude>
    <ClInclude Include="output.hpp">
      <Filter>Source Files\Output</Filter>
    </ClInclude>
    <ClInclude Include="precompiled-headers.h">
      <Filter>Source Files\Precompiled</Filter>
    </ClInclude>
    <ClInclude Include="binding.hpp">
      <Filter>Source Files\Binding</Filter>
    </ClInclude>
  </ItemGroup>
  <ItemGroup>
    <None Include="packages.config" />
  </ItemGroup>
</Project>